
Microsoft Visual Studio Solution File, Format Version 12.00
# Visual Studio Version 16
VisualStudioVersion = 16.0.29411.108
MinimumVisualStudioVersion = 10.0.40219.1
Project("{FAE04EC0-301F-11D3-BF4B-00C04F79EFBC}") = "Batch Rename", "Batch Rename\Batch Rename.csproj", "{016F8B20-E3BC-4E6B-A1EE-D46D517B904B}"
EndProject
Global
	GlobalSection(SolutionConfigurationPlatforms) = preSolution
		Debug|Any CPU = Debug|Any CPU
		Release|Any CPU = Release|Any CPU
	EndGlobalSection
	GlobalSection(ProjectConfigurationPlatforms) = postSolution
		{016F8B20-E3BC-4E6B-A1EE-D46D517B904B}.Debug|Any CPU.ActiveCfg = Debug|Any CPU
		{016F8B20-E3BC-4E6B-A1EE-D46D517B904B}.Debug|Any CPU.Build.0 = Debug|Any CPU
		{016F8B20-E3BC-4E6B-A1EE-D46D517B904B}.Release|Any CPU.ActiveCfg = Release|Any CPU
		{016F8B20-E3BC-4E6B-A1EE-D46D517B904B}.Release|Any CPU.Build.0 = Release|Any CPU
	EndGlobalSection
	GlobalSection(SolutionProperties) = preSolution
		HideSolutionNode = FALSE
	EndGlobalSection
	GlobalSection(ExtensibilityGlobals) = postSolution
		SolutionGuid = {6FE0E338-D776-47DB-9850-97BD9AC7E366}
	EndGlobalSection
EndGlobal
